
Microsoft Visual Studio Solution File, Format Version 12.00
# Visual Studio 15
VisualStudioVersion = 15.0.27004.2009
MinimumVisualStudioVersion = 10.0.40219.1
Project("{FAE04EC0-301F-11D3-BF4B-00C04F79EFBC}") = "Producer", "Producer\Producer.csproj", "{CAE99E1F-FA24-4291-9C3D-D5AA7755C0F4}"
EndProject
Project("{FAE04EC0-301F-11D3-BF4B-00C04F79EFBC}") = "Consumer", "Consumer\Consumer.csproj", "{31C2A5B3-832B-4D15-BC69-60E29EBCA730}"
EndProject
Project("{FAE04EC0-301F-11D3-BF4B-00C04F79EFBC}") = "HandleSetter", "HandleSetter\HandleSetter.csproj", "{1F69948F-5969-4D49-879F-2896D5DE1E68}"
EndProject
Global
	GlobalSection(SolutionConfigurationPlatforms) = preSolution
		Debug|Any CPU = Debug|Any CPU
		Release|Any CPU = Release|Any CPU
	EndGlobalSection
	GlobalSection(ProjectConfigurationPlatforms) = postSolution
		{CAE99E1F-FA24-4291-9C3D-D5AA7755C0F4}.Debug|Any CPU.ActiveCfg = Debug|Any CPU
		{CAE99E1F-FA24-4291-9C3D-D5AA7755C0F4}.Debug|Any CPU.Build.0 = Debug|Any CPU
		{CAE99E1F-FA24-4291-9C3D-D5AA7755C0F4}.Release|Any CPU.ActiveCfg = Release|Any CPU
		{CAE99E1F-FA24-4291-9C3D-D5AA7755C0F4}.Release|Any CPU.Build.0 = Release|Any CPU
		{31C2A5B3-832B-4D15-BC69-60E29EBCA730}.Debug|Any CPU.ActiveCfg = Debug|Any CPU
		{31C2A5B3-832B-4D15-BC69-60E29EBCA730}.Debug|Any CPU.Build.0 = Debug|Any CPU
		{31C2A5B3-832B-4D15-BC69-60E29EBCA730}.Release|Any CPU.ActiveCfg = Release|Any CPU
		{31C2A5B3-832B-4D15-BC69-60E29EBCA730}.Release|Any CPU.Build.0 = Release|Any CPU
		{1F69948F-5969-4D49-879F-2896D5DE1E68}.Debug|Any CPU.ActiveCfg = Debug|Any CPU
		{1F69948F-5969-4D49-879F-2896D5DE1E68}.Debug|Any CPU.Build.0 = Debug|Any CPU
		{1F69948F-5969-4D49-879F-2896D5DE1E68}.Release|Any CPU.ActiveCfg = Release|Any CPU
		{1F69948F-5969-4D49-879F-2896D5DE1E68}.Release|Any CPU.Build.0 = Release|Any CPU
	EndGlobalSection
	GlobalSection(SolutionProperties) = preSolution
		HideSolutionNode = FALSE
	EndGlobalSection
	GlobalSection(ExtensibilityGlobals) = postSolution
		SolutionGuid = {7F59310C-5CFC-4A95-80FE-6301EFCC04D6}
	EndGlobalSection
EndGlobal
